# This file is automatically @generated by Cargo.
# It is not intended for manual editing.
version = 3

[[package]]
name = "anyhow"
version = "1.0.88"
source = "registry+https://github.com/rust-lang/crates.io-index"
checksum = "4e1496f8fb1fbf272686b8d37f523dab3e4a7443300055e74cdaa449f3114356"

[[package]]
name = "scroll-proving-sdk"
version = "0.1.0"
dependencies = [
 "anyhow",
]
